# This file is automatically @generated by Cargo.
# It is not intended for manual editing.
version = 4

[[package]]
name = "rawjs_ast"
version = "0.1.0"
dependencies = [
 "rawjs_common",
]

[[package]]
name = "rawjs_bytecode"
version = "0.1.0"
dependencies = [
 "rawjs_ast",
 "rawjs_common",
]

[[package]]
name = "rawjs_cli"
version = "0.1.0"
dependencies = [
 "rawjs_ast",
 "rawjs_bytecode",
 "rawjs_common",
 "rawjs_lexer",
 "rawjs_parser",
 "rawjs_runtime",
 "rawjs_vm",
]

[[package]]
name = "rawjs_common"
version = "0.1.0"

[[package]]
name = "rawjs_lexer"
version = "0.1.0"
dependencies = [
 "rawjs_common",
]

[[package]]
name = "rawjs_parser"
version = "0.1.0"
dependencies = [
 "rawjs_ast",
 "rawjs_common",
 "rawjs_lexer",
]

[[package]]
name = "rawjs_runtime"
version = "0.1.0"
dependencies = [
 "rawjs_common",
]

[[package]]
name = "rawjs_vm"
version = "0.1.0"
dependencies = [
 "rawjs_bytecode",
 "rawjs_common",
 "rawjs_parser",
 "rawjs_runtime",
]
